dependencies:
  espressif/esp_websocket_client:
    component_hash: 8280960def8af4f84bc58d2d76f55357cd1387775cbc2e0a6b3ca229aa7e209e
    dependencies:
    - name: idf
      require: private
      version: '>=5.0'
    source:
      registry_url: https://components.espressif.com/
      type: service
    version: 1.3.0
  idf:
    source:
      type: idf
    version: 5.3.2
direct_dependencies:
- espressif/esp_websocket_client
- idf
manifest_hash: 68800db522a823ce0f8709ffb9c800760892c2d5889621f1cd9804dc45ae76f9
target: esp32
version: 2.0.0
